hash: 4a2359b931d15bf93146ddfc2e423d83d5328ab31c215c5e50e8585c19fa0ae4
updated: 2017-08-14T12:39:21.974532709+06:00
imports:
- name: github.com/go-xorm/xorm
  version: 3c8314e91603f0bfa6a228c1a0fea8a9e298f6d9
- name: github.com/golang/glog
  version: 23def4e6c14b4da8ac2ed8007337bc5eb5007998
- name: github.com/golang/protobuf
  version: 1909bc2f63dc92bb931deace8b8312c4db72d12f
  subpackages:
  - jsonpb
  - proto
  - protoc-gen-go/descriptor
  - ptypes
  - ptypes/any
  - ptypes/duration
  - ptypes/struct
  - ptypes/timestamp
- name: github.com/grpc-ecosystem/grpc-gateway
  version: f2862b476edcef83412c7af8687c9cd8e4097c0f
  subpackages:
  - runtime
  - runtime/internal
  - utilities
- name: golang.org/x/net
  version: 1c05540f6879653db88113bc4a2b70aec4bd491f
  subpackages:
  - context
  - http2
  - http2/hpack
  - idna
  - internal/timeseries
  - lex/httplex
  - trace
- name: golang.org/x/text
  version: b19bf474d317b857955b12035d2c5acb57ce8b01
  subpackages:
  - secure/bidirule
  - transform
  - unicode/bidi
  - unicode/norm
- name: google.golang.org/genproto
  version: 09f6ed296fc66555a25fe4ce95173148778dfa85
  subpackages:
  - googleapis/api/annotations
  - googleapis/rpc/status
- name: google.golang.org/grpc
  version: 7657092a1303cc5a6fa3fee988d57c665683a4da
  subpackages:
  - codes
  - connectivity
  - credentials
  - grpclb/grpc_lb_v1
  - grpclog
  - internal
  - keepalive
  - metadata
  - naming
  - peer
  - reflection
  - reflection/grpc_reflection_v1alpha
  - stats
  - status
  - tap
  - transport
testImports: []
